
Microsoft Visual Studio Solution File, Format Version 12.00
# Visual Studio Version 16
VisualStudioVersion = 16.0.31624.102
MinimumVisualStudioVersion = 10.0.40219.1
Project("{FAE04EC0-301F-11D3-BF4B-00C04F79EFBC}") = "SimpleSceduler", "SimpleSceduler.csproj", "{AB73CF1A-3281-4C6D-9834-22422D02A6FA}"
EndProject
Global
	GlobalSection(SolutionConfigurationPlatforms) = preSolution
		Debug|Any CPU = Debug|Any CPU
		Release|Any CPU = Release|Any CPU
	EndGlobalSection
	GlobalSection(ProjectConfigurationPlatforms) = postSolution
		{AB73CF1A-3281-4C6D-9834-22422D02A6FA}.Debug|Any CPU.ActiveCfg = Debug|Any CPU
		{AB73CF1A-3281-4C6D-9834-22422D02A6FA}.Debug|Any CPU.Build.0 = Debug|Any CPU
		{AB73CF1A-3281-4C6D-9834-22422D02A6FA}.Release|Any CPU.ActiveCfg = Release|Any CPU
		{AB73CF1A-3281-4C6D-9834-22422D02A6FA}.Release|Any CPU.Build.0 = Release|Any CPU
	EndGlobalSection
	GlobalSection(SolutionProperties) = preSolution
		HideSolutionNode = FALSE
	EndGlobalSection
	GlobalSection(ExtensibilityGlobals) = postSolution
		SolutionGuid = {EE37B978-92EC-4116-B3D4-E8E6DAFB1D75}
	EndGlobalSection
EndGlobal
